// !$*UTF8*$!
{
	archiveVersion = 1;
	classes = {
	};
	objectVersion = 48;
	objects = {

/* Begin PBXBuildFile section */
		1C132CE9203DEAEC001C4D38 /* KeychainSaveTests.swift in Sources */ = {isa = PBXBuildFile; fileRef = 1C132CE8203DEAEC001C4D38 /* KeychainSaveTests.swift */; };
		1C132CEB203DEB12001C4D38 /* KeychainBaseCase.swift in Sources */ = {isa = PBXBuildFile; fileRef = 1C132CEA203DEB12001C4D38 /* KeychainBaseCase.swift */; };
		1C2B51202045CEAC00F4FF33 /* ItemsViewController+UITableViewDelegate.swift in Sources */ = {isa = PBXBuildFile; fileRef = 1C2B511F2045CEAC00F4FF33 /* ItemsViewController+UITableViewDelegate.swift */; };
		1C2B51242045CF9700F4FF33 /* ItemsViewController+UITableViewDataSource.swift in Sources */ = {isa = PBXBuildFile; fileRef = 1C2B51232045CF9700F4FF33 /* ItemsViewController+UITableViewDataSource.swift */; };
		1C3B034E204486C5007190F6 /* Main.storyboard in Resources */ = {isa = PBXBuildFile; fileRef = 1C3B034D204486C5007190F6 /* Main.storyboard */; };
		1C3B035020448C35007190F6 /* NewItemViewController.swift in Sources */ = {isa = PBXBuildFile; fileRef = 1C3B034F20448C35007190F6 /* NewItemViewController.swift */; };
		1C3F1398203D3AB5008072DF /* User.swift in Sources */ = {isa = PBXBuildFile; fileRef = 1C3F1397203D3AB5008072DF /* User.swift */; };
		1C3F139C203D3ABD008072DF /* KeychainSearchTests.swift in Sources */ = {isa = PBXBuildFile; fileRef = 1C3F1399203D3ABD008072DF /* KeychainSearchTests.swift */; };
		1C3F139D203D3ABD008072DF /* KeychainConfigurationTests.swift in Sources */ = {isa = PBXBuildFile; fileRef = 1C3F139A203D3ABD008072DF /* KeychainConfigurationTests.swift */; };
		1C3F139E203D3ABD008072DF /* KeychainItemTests.swift in Sources */ = {isa = PBXBuildFile; fileRef = 1C3F139B203D3ABD008072DF /* KeychainItemTests.swift */; };
		1C57960B202BB0DD008F939A /* AppDelegate.swift in Sources */ = {isa = PBXBuildFile; fileRef = 1C57960A202BB0DD008F939A /* AppDelegate.swift */; };
		1C57960D202BB0DD008F939A /* ItemsViewController.swift in Sources */ = {isa = PBXBuildFile; fileRef = 1C57960C202BB0DD008F939A /* ItemsViewController.swift */; };
		1C579612202BB0DD008F939A /* Assets.xcassets in Resources */ = {isa = PBXBuildFile; fileRef = 1C579611202BB0DD008F939A /* Assets.xcassets */; };
		1C579615202BB0DD008F939A /* LaunchScreen.storyboard in Resources */ = {isa = PBXBuildFile; fileRef = 1C579613202BB0DD008F939A /* LaunchScreen.storyboard */; };
		1CC6195D2033ACBB00996EC6 /* Constants.swift in Sources */ = {isa = PBXBuildFile; fileRef = 1CC6195C2033ACBB00996EC6 /* Constants.swift */; };
		1CC619602033AD5A00996EC6 /* Item.swift in Sources */ = {isa = PBXBuildFile; fileRef = 1CC6195F2033AD5A00996EC6 /* Item.swift */; };
		1CDD5191203E1D030050E179 /* KeychainDeleteTests.swift in Sources */ = {isa = PBXBuildFile; fileRef = 1CDD5190203E1D030050E179 /* KeychainDeleteTests.swift */; };
		1CEB5689203E0058008B740E /* Card.swift in Sources */ = {isa = PBXBuildFile; fileRef = 1CEB5688203E0058008B740E /* Card.swift */; };
		4CDEF37D220640DD00D7DAD8 /* Keychain.framework in Frameworks */ = {isa = PBXBuildFile; fileRef = 4CD1635D21ED8FDE00B44EBB /* Keychain.framework */; };
		4CDEF37E220640DD00D7DAD8 /* Keychain.framework in Embed Frameworks */ = {isa = PBXBuildFile; fileRef = 4CD1635D21ED8FDE00B44EBB /* Keychain.framework */; settings = {ATTRIBUTES = (CodeSignOnCopy, RemoveHeadersOnCopy, ); }; };
/* End PBXBuildFile section */

/* Begin PBXContainerItemProxy section */
		1C41F558203D3A160034017C /* PBXContainerItemProxy */ = {
			isa = PBXContainerItemProxy;
			containerPortal = 1C5795FF202BB0DD008F939A /* Project object */;
			proxyType = 1;
			remoteGlobalIDString = 1C579606202BB0DD008F939A;
			remoteInfo = Example;
		};
/* End PBXContainerItemProxy section */

/* Begin PBXCopyFilesBuildPhase section */
		1CC619652033AFBE00996EC6 /* Embed Frameworks */ = {
			isa = PBXCopyFilesBuildPhase;
			buildActionMask = 2147483647;
			dstPath = "";
			dstSubfolderSpec = 10;
			files = (
				4CDEF37E220640DD00D7DAD8 /* Keychain.framework in Embed Frameworks */,
			);
			name = "Embed Frameworks";
			runOnlyForDeploymentPostprocessing = 0;
		};
/* End PBXCopyFilesBuildPhase section */

/* Begin PBXFileReference section */
		1C132CE8203DEAEC001C4D38 /* KeychainSaveTests.swift */ = {isa = PBXFileReference; lastKnownFileType = sourcecode.swift; path = KeychainSaveTests.swift; sourceTree = "<group>"; };
		1C132CEA203DEB12001C4D38 /* KeychainBaseCase.swift */ = {isa = PBXFileReference; lastKnownFileType = sourcecode.swift; path = KeychainBaseCase.swift; sourceTree = "<group>"; };
		1C2B511F2045CEAC00F4FF33 /* ItemsViewController+UITableViewDelegate.swift */ = {isa = PBXFileReference; lastKnownFileType = sourcecode.swift; path = "ItemsViewController+UITableViewDelegate.swift"; sourceTree = "<group>"; };
		1C2B51232045CF9700F4FF33 /* ItemsViewController+UITableViewDataSource.swift */ = {isa = PBXFileReference; lastKnownFileType = sourcecode.swift; path = "ItemsViewController+UITableViewDataSource.swift"; sourceTree = "<group>"; };
		1C3B034D204486C5007190F6 /* Main.storyboard */ = {isa = PBXFileReference; lastKnownFileType = file.storyboard; path = Main.storyboard; sourceTree = "<group>"; };
		1C3B034F20448C35007190F6 /* NewItemViewController.swift */ = {isa = PBXFileReference; lastKnownFileType = sourcecode.swift; path = NewItemViewController.swift; sourceTree = "<group>"; };
		1C3F1397203D3AB5008072DF /* User.swift */ = {isa = PBXFileReference; fileEncoding = 4; lastKnownFileType = sourcecode.swift; path = User.swift; sourceTree = "<group>"; };
		1C3F1399203D3ABD008072DF /* KeychainSearchTests.swift */ = {isa = PBXFileReference; fileEncoding = 4; lastKnownFileType = sourcecode.swift; path = KeychainSearchTests.swift; sourceTree = "<group>"; };
		1C3F139A203D3ABD008072DF /* KeychainConfigurationTests.swift */ = {isa = PBXFileReference; fileEncoding = 4; lastKnownFileType = sourcecode.swift; path = KeychainConfigurationTests.swift; sourceTree = "<group>"; };
		1C3F139B203D3ABD008072DF /* KeychainItemTests.swift */ = {isa = PBXFileReference; fileEncoding = 4; lastKnownFileType = sourcecode.swift; path = KeychainItemTests.swift; sourceTree = "<group>"; };
		1C41F553203D3A160034017C /* KeychainTests.xctest */ = {isa = PBXFileReference; explicitFileType = wrapper.cfbundle; includeInIndex = 0; path = KeychainTests.xctest; sourceTree = BUILT_PRODUCTS_DIR; };
		1C41F557203D3A160034017C /* Info.plist */ = {isa = PBXFileReference; lastKnownFileType = text.plist.xml; path = Info.plist; sourceTree = "<group>"; };
		1C579607202BB0DD008F939A /* Example.app */ = {isa = PBXFileReference; explicitFileType = wrapper.application; includeInIndex = 0; path = Example.app; sourceTree = BUILT_PRODUCTS_DIR; };
		1C57960A202BB0DD008F939A /* AppDelegate.swift */ = {isa = PBXFileReference; lastKnownFileType = sourcecode.swift; path = AppDelegate.swift; sourceTree = "<group>"; };
		1C57960C202BB0DD008F939A /* ItemsViewController.swift */ = {isa = PBXFileReference; lastKnownFileType = sourcecode.swift; path = ItemsViewController.swift; sourceTree = "<group>"; };
		1C579611202BB0DD008F939A /* Assets.xcassets */ = {isa = PBXFileReference; lastKnownFileType = folder.assetcatalog; path = Assets.xcassets; sourceTree = "<group>"; };
		1C579614202BB0DD008F939A /* Base */ = {isa = PBXFileReference; lastKnownFileType = file.storyboard; name = Base; path = Base.lproj/LaunchScreen.storyboard; sourceTree = "<group>"; };
		1C579616202BB0DD008F939A /* Info.plist */ = {isa = PBXFileReference; lastKnownFileType = text.plist.xml; path = Info.plist; sourceTree = "<group>"; };
		1CC6195C2033ACBB00996EC6 /* Constants.swift */ = {isa = PBXFileReference; lastKnownFileType = sourcecode.swift; path = Constants.swift; sourceTree = "<group>"; };
		1CC6195F2033AD5A00996EC6 /* Item.swift */ = {isa = PBXFileReference; lastKnownFileType = sourcecode.swift; path = Item.swift; sourceTree = "<group>"; };
		1CDD5190203E1D030050E179 /* KeychainDeleteTests.swift */ = {isa = PBXFileReference; lastKnownFileType = sourcecode.swift; path = KeychainDeleteTests.swift; sourceTree = "<group>"; };
		1CEB5688203E0058008B740E /* Card.swift */ = {isa = PBXFileReference; lastKnownFileType = sourcecode.swift; path = Card.swift; sourceTree = "<group>"; };
		4CD1635D21ED8FDE00B44EBB /* Keychain.framework */ = {isa = PBXFileReference; explicitFileType = wrapper.framework; path = Keychain.framework; sourceTree = BUILT_PRODUCTS_DIR; };
/* End PBXFileReference section */

/* Begin PBXFrameworksBuildPhase section */
		1C41F550203D3A160034017C /* Frameworks */ = {
			isa = PBXFrameworksBuildPhase;
			buildActionMask = 2147483647;
			files = (
			);
			runOnlyForDeploymentPostprocessing = 0;
		};
		1C579604202BB0DD008F939A /* Frameworks */ = {
			isa = PBXFrameworksBuildPhase;
			buildActionMask = 2147483647;
			files = (
				4CDEF37D220640DD00D7DAD8 /* Keychain.framework in Frameworks */,
			);
			runOnlyForDeploymentPostprocessing = 0;
		};
/* End PBXFrameworksBuildPhase section */

/* Begin PBXGroup section */
		1C2B511C2045CE5300F4FF33 /* Extensions */ = {
			isa = PBXGroup;
			children = (
				1C2B511D2045CE6E00F4FF33 /* Application */,
			);
			path = Extensions;
			sourceTree = "<group>";
		};
		1C2B511D2045CE6E00F4FF33 /* Application */ = {
			isa = PBXGroup;
			children = (
				1C2B511E2045CE7D00F4FF33 /* Controllers */,
			);
			path = Application;
			sourceTree = "<group>";
		};
		1C2B511E2045CE7D00F4FF33 /* Controllers */ = {
			isa = PBXGroup;
			children = (
				1C2B51232045CF9700F4FF33 /* ItemsViewController+UITableViewDataSource.swift */,
				1C2B511F2045CEAC00F4FF33 /* ItemsViewController+UITableViewDelegate.swift */,
			);
			path = Controllers;
			sourceTree = "<group>";
		};
		1C3F1393203D3A71008072DF /* Supporting Files */ = {
			isa = PBXGroup;
			children = (
				1C41F557203D3A160034017C /* Info.plist */,
			);
			name = "Supporting Files";
			sourceTree = "<group>";
		};
		1C3F1395203D3A93008072DF /* Keychain */ = {
			isa = PBXGroup;
			children = (
				1C132CEA203DEB12001C4D38 /* KeychainBaseCase.swift */,
				1C3F139A203D3ABD008072DF /* KeychainConfigurationTests.swift */,
				1CDD5190203E1D030050E179 /* KeychainDeleteTests.swift */,
				1C3F139B203D3ABD008072DF /* KeychainItemTests.swift */,
				1C132CE8203DEAEC001C4D38 /* KeychainSaveTests.swift */,
				1C3F1399203D3ABD008072DF /* KeychainSearchTests.swift */,
			);
			path = Keychain;
			sourceTree = "<group>";
		};
		1C3F1396203D3A9B008072DF /* Models */ = {
			isa = PBXGroup;
			children = (
				1CEB5688203E0058008B740E /* Card.swift */,
				1C3F1397203D3AB5008072DF /* User.swift */,
			);
			path = Models;
			sourceTree = "<group>";
		};
		1C41F554203D3A160034017C /* KeychainTests */ = {
			isa = PBXGroup;
			children = (
				1C3F1395203D3A93008072DF /* Keychain */,
				1C3F1396203D3A9B008072DF /* Models */,
				1C3F1393203D3A71008072DF /* Supporting Files */,
			);
			path = KeychainTests;
			sourceTree = "<group>";
		};
		1C5795FE202BB0DD008F939A = {
			isa = PBXGroup;
			children = (
				1C579609202BB0DD008F939A /* Example */,
				1C41F554203D3A160034017C /* KeychainTests */,
				1C579608202BB0DD008F939A /* Products */,
				4CD1635C21ED8FDE00B44EBB /* Frameworks */,
			);
			sourceTree = "<group>";
		};
		1C579608202BB0DD008F939A /* Products */ = {
			isa = PBXGroup;
			children = (
				1C579607202BB0DD008F939A /* Example.app */,
				1C41F553203D3A160034017C /* KeychainTests.xctest */,
			);
			name = Products;
			sourceTree = "<group>";
		};
		1C579609202BB0DD008F939A /* Example */ = {
			isa = PBXGroup;
			children = (
				1C57961F202BB21B008F939A /* Controllers */,
				1C2B511C2045CE5300F4FF33 /* Extensions */,
				1CC6195B2033ACA800996EC6 /* Global */,
				1CC6195E2033AD4800996EC6 /* Models */,
				1C57961E202BB20E008F939A /* Supporting Files */,
				1C57961D202BB204008F939A /* Views */,
			);
			path = Example;
			sourceTree = "<group>";
		};
		1C57961D202BB204008F939A /* Views */ = {
			isa = PBXGroup;
			children = (
				1C579611202BB0DD008F939A /* Assets.xcassets */,
				1C579613202BB0DD008F939A /* LaunchScreen.storyboard */,
				1C3B034D204486C5007190F6 /* Main.storyboard */,
			);
			path = Views;
			sourceTree = "<group>";
		};
		1C57961E202BB20E008F939A /* Supporting Files */ = {
			isa = PBXGroup;
			children = (
				1C57960A202BB0DD008F939A /* AppDelegate.swift */,
				1C579616202BB0DD008F939A /* Info.plist */,
			);
			name = "Supporting Files";
			sourceTree = "<group>";
		};
		1C57961F202BB21B008F939A /* Controllers */ = {
			isa = PBXGroup;
			children = (
				1C57960C202BB0DD008F939A /* ItemsViewController.swift */,
				1C3B034F20448C35007190F6 /* NewItemViewController.swift */,
			);
			path = Controllers;
			sourceTree = "<group>";
		};
		1CC6195B2033ACA800996EC6 /* Global */ = {
			isa = PBXGroup;
			children = (
				1CC6195C2033ACBB00996EC6 /* Constants.swift */,
			);
			path = Global;
			sourceTree = "<group>";
		};
		1CC6195E2033AD4800996EC6 /* Models */ = {
			isa = PBXGroup;
			children = (
				1CC6195F2033AD5A00996EC6 /* Item.swift */,
			);
			path = Models;
			sourceTree = "<group>";
		};
		4CD1635C21ED8FDE00B44EBB /* Frameworks */ = {
			isa = PBXGroup;
			children = (
				4CD1635D21ED8FDE00B44EBB /* Keychain.framework */,
			);
			name = Frameworks;
			sourceTree = "<group>";
		};
/* End PBXGroup section */

/* Begin PBXNativeTarget section */
		1C41F552203D3A160034017C /* KeychainTests */ = {
			isa = PBXNativeTarget;
			buildConfigurationList = 1C41F55A203D3A160034017C /* Build configuration list for PBXNativeTarget "KeychainTests" */;
			buildPhases = (
				1C41F54F203D3A160034017C /* Sources */,
				1C41F550203D3A160034017C /* Frameworks */,
				1C41F551203D3A160034017C /* Resources */,
			);
			buildRules = (
			);
			dependencies = (
				1C41F559203D3A160034017C /* PBXTargetDependency */,
			);
			name = KeychainTests;
			productName = KeychainTests;
			productReference = 1C41F553203D3A160034017C /* KeychainTests.xctest */;
			productType = "com.apple.product-type.bundle.unit-test";
		};
		1C579606202BB0DD008F939A /* Example */ = {
			isa = PBXNativeTarget;
			buildConfigurationList = 1C579619202BB0DD008F939A /* Build configuration list for PBXNativeTarget "Example" */;
			buildPhases = (
				1C579603202BB0DD008F939A /* Sources */,
				1C579604202BB0DD008F939A /* Frameworks */,
				1C579605202BB0DD008F939A /* Resources */,
				1CC619652033AFBE00996EC6 /* Embed Frameworks */,
			);
			buildRules = (
			);
			dependencies = (
			);
			name = Example;
			productName = ExampleApp;
			productReference = 1C579607202BB0DD008F939A /* Example.app */;
			productType = "com.apple.product-type.application";
		};
/* End PBXNativeTarget section */

/* Begin PBXProject section */
		1C5795FF202BB0DD008F939A /* Project object */ = {
			isa = PBXProject;
			attributes = {
				LastSwiftUpdateCheck = 0920;
				LastUpgradeCheck = 0930;
				ORGANIZATIONNAME = "Alaska Airlines, Inc";
				TargetAttributes = {
					1C41F552203D3A160034017C = {
						CreatedOnToolsVersion = 9.2;
						LastSwiftMigration = 1010;
						ProvisioningStyle = Automatic;
						TestTargetID = 1C579606202BB0DD008F939A;
					};
					1C579606202BB0DD008F939A = {
						CreatedOnToolsVersion = 9.2;
						LastSwiftMigration = 1010;
						ProvisioningStyle = Automatic;
						SystemCapabilities = {
							com.apple.Keychain = {
								enabled = 0;
							};
						};
					};
				};
			};
			buildConfigurationList = 1C579602202BB0DD008F939A /* Build configuration list for PBXProject "Example" */;
			compatibilityVersion = "Xcode 8.0";
			developmentRegion = en;
			hasScannedForEncodings = 0;
			knownRegions = (
				en,
				Base,
			);
			mainGroup = 1C5795FE202BB0DD008F939A;
			productRefGroup = 1C579608202BB0DD008F939A /* Products */;
			projectDirPath = "";
			projectRoot = "";
			targets = (
				1C579606202BB0DD008F939A /* Example */,
				1C41F552203D3A160034017C /* KeychainTests */,
			);
		};
/* End PBXProject section */

/* Begin PBXResourcesBuildPhase section */
		1C41F551203D3A160034017C /* Resources */ = {
			isa = PBXResourcesBuildPhase;
			buildActionMask = 2147483647;
			files = (
			);
			runOnlyForDeploymentPostprocessing = 0;
		};
		1C579605202BB0DD008F939A /* Resources */ = {
			isa = PBXResourcesBuildPhase;
			buildActionMask = 2147483647;
			files = (
				1C579615202BB0DD008F939A /* LaunchScreen.storyboard in Resources */,
				1C579612202BB0DD008F939A /* Assets.xcassets in Resources */,
				1C3B034E204486C5007190F6 /* Main.storyboard in Resources */,
			);
			runOnlyForDeploymentPostprocessing = 0;
		};
/* End PBXResourcesBuildPhase section */

/* Begin PBXSourcesBuildPhase section */
		1C41F54F203D3A160034017C /* Sources */ = {
			isa = PBXSourcesBuildPhase;
			buildActionMask = 2147483647;
			files = (
				1C3F1398203D3AB5008072DF /* User.swift in Sources */,
				1C3F139D203D3ABD008072DF /* KeychainConfigurationTests.swift in Sources */,
				1CEB5689203E0058008B740E /* Card.swift in Sources */,
				1C132CEB203DEB12001C4D38 /* KeychainBaseCase.swift in Sources */,
				1C132CE9203DEAEC001C4D38 /* KeychainSaveTests.swift in Sources */,
				1C3F139E203D3ABD008072DF /* KeychainItemTests.swift in Sources */,
				1CDD5191203E1D030050E179 /* KeychainDeleteTests.swift in Sources */,
				1C3F139C203D3ABD008072DF /* KeychainSearchTests.swift in Sources */,
			);
			runOnlyForDeploymentPostprocessing = 0;
		};
		1C579603202BB0DD008F939A /* Sources */ = {
			isa = PBXSourcesBuildPhase;
			buildActionMask = 2147483647;
			files = (
				1CC619602033AD5A00996EC6 /* Item.swift in Sources */,
				1C2B51242045CF9700F4FF33 /* ItemsViewController+UITableViewDataSource.swift in Sources */,
				1CC6195D2033ACBB00996EC6 /* Constants.swift in Sources */,
				1C2B51202045CEAC00F4FF33 /* ItemsViewController+UITableViewDelegate.swift in Sources */,
				1C3B035020448C35007190F6 /* NewItemViewController.swift in Sources */,
				1C57960D202BB0DD008F939A /* ItemsViewController.swift in Sources */,
				1C57960B202BB0DD008F939A /* AppDelegate.swift in Sources */,
			);
			runOnlyForDeploymentPostprocessing = 0;
		};
/* End PBXSourcesBuildPhase section */

/* Begin PBXTargetDependency section */
		1C41F559203D3A160034017C /* PBXTargetDependency */ = {
			isa = PBXTargetDependency;
			target = 1C579606202BB0DD008F939A /* Example */;
			targetProxy = 1C41F558203D3A160034017C /* PBXContainerItemProxy */;
		};
/* End PBXTargetDependency section */

/* Begin PBXVariantGroup section */
		1C579613202BB0DD008F939A /* LaunchScreen.storyboard */ = {
			isa = PBXVariantGroup;
			children = (
				1C579614202BB0DD008F939A /* Base */,
			);
			name = LaunchScreen.storyboard;
			sourceTree = "<group>";
		};
/* End PBXVariantGroup section */

/* Begin XCBuildConfiguration section */
		1C41F55B203D3A160034017C /* Debug */ = {
			isa = XCBuildConfiguration;
			buildSettings = {
				BUNDLE_LOADER = "$(TEST_HOST)";
				CODE_SIGN_STYLE = Automatic;
				DEVELOPMENT_TEAM = H562758AXX;
				INFOPLIST_FILE = KeychainTests/Info.plist;
				LD_RUNPATH_SEARCH_PATHS = "$(inherited) @executable_path/Frameworks @loader_path/Frameworks";
				PRODUCT_BUNDLE_IDENTIFIER = com.alaskaairlines.KeychainTests;
				PRODUCT_NAME = "$(TARGET_NAME)";
				SWIFT_VERSION = 4.2;
				TARGETED_DEVICE_FAMILY = "1,2";
				TEST_HOST = "$(BUILT_PRODUCTS_DIR)/Example.app/Example";
			};
			name = Debug;
		};
		1C41F55C203D3A160034017C /* Release */ = {
			isa = XCBuildConfiguration;
			buildSettings = {
				BUNDLE_LOADER = "$(TEST_HOST)";
				CODE_SIGN_STYLE = Automatic;
				DEVELOPMENT_TEAM = H562758AXX;
				INFOPLIST_FILE = KeychainTests/Info.plist;
				LD_RUNPATH_SEARCH_PATHS = "$(inherited) @executable_path/Frameworks @loader_path/Frameworks";
				PRODUCT_BUNDLE_IDENTIFIER = com.alaskaairlines.KeychainTests;
				PRODUCT_NAME = "$(TARGET_NAME)";
				SWIFT_VERSION = 4.2;
				TARGETED_DEVICE_FAMILY = "1,2";
				TEST_HOST = "$(BUILT_PRODUCTS_DIR)/Example.app/Example";
			};
			name = Release;
		};
		1C579617202BB0DD008F939A /* Debug */ = {
			isa = XCBuildConfiguration;
			buildSettings = {
				ALWAYS_SEARCH_USER_PATHS = NO;
				CLANG_ANALYZER_NONNULL = YES;
				CLANG_ANALYZER_NUMBER_OBJECT_CONVERSION = YES_AGGRESSIVE;
				CLANG_CXX_LANGUAGE_STANDARD = "gnu++14";
				CLANG_CXX_LIBRARY = "libc++";
				CLANG_ENABLE_MODULES = YES;
				CLANG_ENABLE_OBJC_ARC = YES;
				CLANG_WARN_BLOCK_CAPTURE_AUTORELEASING = YES;
				CLANG_WARN_BOOL_CONVERSION = YES;
				CLANG_WARN_COMMA = YES;
				CLANG_WARN_CONSTANT_CONVERSION = YES;
				CLANG_WARN_DEPRECATED_OBJC_IMPLEMENTATIONS = YES;
				CLANG_WARN_DIRECT_OBJC_ISA_USAGE = YES_ERROR;
				CLANG_WARN_DOCUMENTATION_COMMENTS = YES;
				CLANG_WARN_EMPTY_BODY = YES;
				CLANG_WARN_ENUM_CONVERSION = YES;
				CLANG_WARN_INFINITE_RECURSION = YES;
				CLANG_WARN_INT_CONVERSION = YES;
				CLANG_WARN_NON_LITERAL_NULL_CONVERSION = YES;
				CLANG_WARN_OBJC_IMPLICIT_RETAIN_SELF = YES;
				CLANG_WARN_OBJC_LITERAL_CONVERSION = YES;
				CLANG_WARN_OBJC_ROOT_CLASS = YES_ERROR;
				CLANG_WARN_RANGE_LOOP_ANALYSIS = YES;
				CLANG_WARN_STRICT_PROTOTYPES = YES;
				CLANG_WARN_SUSPICIOUS_MOVE = YES;
				CLANG_WARN_UNGUARDED_AVAILABILITY = YES_AGGRESSIVE;
				CLANG_WARN_UNREACHABLE_CODE = YES;
				CLANG_WARN__DUPLICATE_METHOD_MATCH = YES;
				CODE_SIGN_IDENTITY = "iPhone Developer";
				COPY_PHASE_STRIP = NO;
				DEBUG_INFORMATION_FORMAT = dwarf;
				ENABLE_STRICT_OBJC_MSGSEND = YES;
				ENABLE_TESTABILITY = YES;
				GCC_C_LANGUAGE_STANDARD = gnu11;
				GCC_DYNAMIC_NO_PIC = NO;
				GCC_NO_COMMON_BLOCKS = YES;
				GCC_OPTIMIZATION_LEVEL = 0;
				GCC_PREPROCESSOR_DEFINITIONS = (
					"DEBUG=1",
					"$(inherited)",
				);
				GCC_WARN_64_TO_32_BIT_CONVERSION = YES;
				GCC_WARN_ABOUT_RETURN_TYPE = YES_ERROR;
				GCC_WARN_UNDECLARED_SELECTOR = YES;
				GCC_WARN_UNINITIALIZED_AUTOS = YES_AGGRESSIVE;
				GCC_WARN_UNUSED_FUNCTION = YES;
				GCC_WARN_UNUSED_VARIABLE = YES;
				IPHONEOS_DEPLOYMENT_TARGET = 11.2;
				MTL_ENABLE_DEBUG_INFO = YES;
				ONLY_ACTIVE_ARCH = YES;
				SDKROOT = iphoneos;
				SWIFT_ACTIVE_COMPILATION_CONDITIONS = DEBUG;
				SWIFT_OPTIMIZATION_LEVEL = "-Onone";
			};
			name = Debug;
		};
		1C579618202BB0DD008F939A /* Release */ = {
			isa = XCBuildConfiguration;
			buildSettings = {
				ALWAYS_SEARCH_USER_PATHS = NO;
				CLANG_ANALYZER_NONNULL = YES;
				CLANG_ANALYZER_NUMBER_OBJECT_CONVERSION = YES_AGGRESSIVE;
				CLANG_CXX_LANGUAGE_STANDARD = "gnu++14";
				CLANG_CXX_LIBRARY = "libc++";
				CLANG_ENABLE_MODULES = YES;
				CLANG_ENABLE_OBJC_ARC = YES;
				CLANG_WARN_BLOCK_CAPTURE_AUTORELEASING = YES;
				CLANG_WARN_BOOL_CONVERSION = YES;
				CLANG_WARN_COMMA = YES;
				CLANG_WARN_CONSTANT_CONVERSION = YES;
				CLANG_WARN_DEPRECATED_OBJC_IMPLEMENTATIONS = YES;
				CLANG_WARN_DIRECT_OBJC_ISA_USAGE = YES_ERROR;
				CLANG_WARN_DOCUMENTATION_COMMENTS = YES;
				CLANG_WARN_EMPTY_BODY = YES;
				CLANG_WARN_ENUM_CONVERSION = YES;
				CLANG_WARN_INFINITE_RECURSION = YES;
				CLANG_WARN_INT_CONVERSION = YES;
				CLANG_WARN_NON_LITERAL_NULL_CONVERSION = YES;
				CLANG_WARN_OBJC_IMPLICIT_RETAIN_SELF = YES;
				CLANG_WARN_OBJC_LITERAL_CONVERSION = YES;
				CLANG_WARN_OBJC_ROOT_CLASS = YES_ERROR;
				CLANG_WARN_RANGE_LOOP_ANALYSIS = YES;
				CLANG_WARN_STRICT_PROTOTYPES = YES;
				CLANG_WARN_SUSPICIOUS_MOVE = YES;
				CLANG_WARN_UNGUARDED_AVAILABILITY = YES_AGGRESSIVE;
				CLANG_WARN_UNREACHABLE_CODE = YES;
				CLANG_WARN__DUPLICATE_METHOD_MATCH = YES;
				CODE_SIGN_IDENTITY = "iPhone Developer";
				COPY_PHASE_STRIP = NO;
				DEBUG_INFORMATION_FORMAT = "dwarf-with-dsym";
				ENABLE_NS_ASSERTIONS = NO;
				ENABLE_STRICT_OBJC_MSGSEND = YES;
				GCC_C_LANGUAGE_STANDARD = gnu11;
				GCC_NO_COMMON_BLOCKS = YES;
				GCC_WARN_64_TO_32_BIT_CONVERSION = YES;
				GCC_WARN_ABOUT_RETURN_TYPE = YES_ERROR;
				GCC_WARN_UNDECLARED_SELECTOR = YES;
				GCC_WARN_UNINITIALIZED_AUTOS = YES_AGGRESSIVE;
				GCC_WARN_UNUSED_FUNCTION = YES;
				GCC_WARN_UNUSED_VARIABLE = YES;
				IPHONEOS_DEPLOYMENT_TARGET = 11.2;
				MTL_ENABLE_DEBUG_INFO = NO;
				SDKROOT = iphoneos;
				SWIFT_OPTIMIZATION_LEVEL = "-Owholemodule";
				VALIDATE_PRODUCT = YES;
			};
			name = Release;
		};
		1C57961A202BB0DD008F939A /* Debug */ = {
			isa = XCBuildConfiguration;
			buildSettings = {
				ALWAYS_EMBED_SWIFT_STANDARD_LIBRARIES = NO;
				ASSETCATALOG_COMPILER_APPICON_NAME = AppIcon;
				CODE_SIGN_STYLE = Automatic;
				DEVELOPMENT_TEAM = VV4VQB3X2M;
				INFOPLIST_FILE = Example/Info.plist;
				IPHONEOS_DEPLOYMENT_TARGET = 10.0;
				LD_RUNPATH_SEARCH_PATHS = "$(inherited) @executable_path/Frameworks";
				PRODUCT_BUNDLE_IDENTIFIER = com.alaskaairlines.Example;
				PRODUCT_NAME = "$(TARGET_NAME)";
				SWIFT_VERSION = 4.2;
				TARGETED_DEVICE_FAMILY = "1,2";
			};
			name = Debug;
		};
		1C57961B202BB0DD008F939A /* Release */ = {
			isa = XCBuildConfiguration;
			buildSettings = {
				ALWAYS_EMBED_SWIFT_STANDARD_LIBRARIES = NO;
				ASSETCATALOG_COMPILER_APPICON_NAME = AppIcon;
				CODE_SIGN_STYLE = Automatic;
				DEVELOPMENT_TEAM = VV4VQB3X2M;
				INFOPLIST_FILE = Example/Info.plist;
				IPHONEOS_DEPLOYMENT_TARGET = 10.0;
				LD_RUNPATH_SEARCH_PATHS = "$(inherited) @executable_path/Frameworks";
				PRODUCT_BUNDLE_IDENTIFIER = com.alaskaairlines.Example;
				PRODUCT_NAME = "$(TARGET_NAME)";
				SWIFT_VERSION = 4.2;
				TARGETED_DEVICE_FAMILY = "1,2";
			};
			name = Release;
		};
/* End XCBuildConfiguration section */

/* Begin XCConfigurationList section */
		1C41F55A203D3A160034017C /* Build configuration list for PBXNativeTarget "KeychainTests" */ = {
			isa = XCConfigurationList;
			buildConfigurations = (
				1C41F55B203D3A160034017C /* Debug */,
				1C41F55C203D3A160034017C /* Release */,
			);
			defaultConfigurationIsVisible = 0;
			defaultConfigurationName = Release;
		};
		1C579602202BB0DD008F939A /* Build configuration list for PBXProject "Example" */ = {
			isa = XCConfigurationList;
			buildConfigurations = (
				1C579617202BB0DD008F939A /* Debug */,
				1C579618202BB0DD008F939A /* Release */,
			);
			defaultConfigurationIsVisible = 0;
			defaultConfigurationName = Release;
		};
		1C579619202BB0DD008F939A /* Build configuration list for PBXNativeTarget "Example" */ = {
			isa = XCConfigurationList;
			buildConfigurations = (
				1C57961A202BB0DD008F939A /* Debug */,
				1C57961B202BB0DD008F939A /* Release */,
			);
			defaultConfigurationIsVisible = 0;
			defaultConfigurationName = Release;
		};
/* End XCConfigurationList section */
	};
	rootObject = 1C5795FF202BB0DD008F939A /* Project object */;
}
